// !$*UTF8*$!
{
	archiveVersion = 1;
	classes = {
	};
	objectVersion = 50;
	objects = {

/* Begin PBXBuildFile section */
		CDE29A3E260E83E60041E8DC /* AppDelegate.swift in Sources */ = {isa = PBXBuildFile; fileRef = CDE29A3D260E83E60041E8DC /* AppDelegate.swift */; };
		CDE29A40260E83E60041E8DC /* SceneDelegate.swift in Sources */ = {isa = PBXBuildFile; fileRef = CDE29A3F260E83E60041E8DC /* SceneDelegate.swift */; };
		CDE29A42260E83E60041E8DC /* ViewController.swift in Sources */ = {isa = PBXBuildFile; fileRef = CDE29A41260E83E60041E8DC /* ViewController.swift */; };
		CDE29A48260E83E60041E8DC /* PostalCode.xcdatamodeld in Sources */ = {isa = PBXBuildFile; fileRef = CDE29A46260E83E60041E8DC /* PostalCode.xcdatamodeld */; };
		CDE29A4A260E83E90041E8DC /* Assets.xcassets in Resources */ = {isa = PBXBuildFile; fileRef = CDE29A49260E83E90041E8DC /* Assets.xcassets */; };
		CDE29A4D260E83E90041E8DC /* LaunchScreen.storyboard in Resources */ = {isa = PBXBuildFile; fileRef = CDE29A4B260E83E90041E8DC /* LaunchScreen.storyboard */; };
		CDE29A58260E83E90041E8DC /* PostalCodeTests.swift in Sources */ = {isa = PBXBuildFile; fileRef = CDE29A57260E83E90041E8DC /* PostalCodeTests.swift */; };
		CDE29A63260E83E90041E8DC /* PostalCodeUITests.swift in Sources */ = {isa = PBXBuildFile; fileRef = CDE29A62260E83E90041E8DC /* PostalCodeUITests.swift */; };
/* End PBXBuildFile section */

/* Begin PBXContainerItemProxy section */
		CDE29A54260E83E90041E8DC /* PBXContainerItemProxy */ = {
			isa = PBXContainerItemProxy;
			containerPortal = CDE29A32260E83E60041E8DC /* Project object */;
			proxyType = 1;
			remoteGlobalIDString = CDE29A39260E83E60041E8DC;
			remoteInfo = PostalCode;
		};
		CDE29A5F260E83E90041E8DC /* PBXContainerItemProxy */ = {
			isa = PBXContainerItemProxy;
			containerPortal = CDE29A32260E83E60041E8DC /* Project object */;
			proxyType = 1;
			remoteGlobalIDString = CDE29A39260E83E60041E8DC;
			remoteInfo = PostalCode;
		};
/* End PBXContainerItemProxy section */

/* Begin PBXFileReference section */
		CDE29A3A260E83E60041E8DC /* PostalCode.app */ = {isa = PBXFileReference; explicitFileType = wrapper.application; includeInIndex = 0; path = PostalCode.app; sourceTree = BUILT_PRODUCTS_DIR; };
		CDE29A3D260E83E60041E8DC /* AppDelegate.swift */ = {isa = PBXFileReference; lastKnownFileType = sourcecode.swift; path = AppDelegate.swift; sourceTree = "<group>"; };
		CDE29A3F260E83E60041E8DC /* SceneDelegate.swift */ = {isa = PBXFileReference; lastKnownFileType = sourcecode.swift; path = SceneDelegate.swift; sourceTree = "<group>"; };
		CDE29A41260E83E60041E8DC /* ViewController.swift */ = {isa = PBXFileReference; lastKnownFileType = sourcecode.swift; path = ViewController.swift; sourceTree = "<group>"; };
		CDE29A47260E83E60041E8DC /* PostalCode.xcdatamodel */ = {isa = PBXFileReference; lastKnownFileType = wrapper.xcdatamodel; path = PostalCode.xcdatamodel; sourceTree = "<group>"; };
		CDE29A49260E83E90041E8DC /* Assets.xcassets */ = {isa = PBXFileReference; lastKnownFileType = folder.assetcatalog; path = Assets.xcassets; sourceTree = "<group>"; };
		CDE29A4C260E83E90041E8DC /* Base */ = {isa = PBXFileReference; lastKnownFileType = file.storyboard; name = Base; path = Base.lproj/LaunchScreen.storyboard; sourceTree = "<group>"; };
		CDE29A4E260E83E90041E8DC /* Info.plist */ = {isa = PBXFileReference; lastKnownFileType = text.plist.xml; path = Info.plist; sourceTree = "<group>"; };
		CDE29A53260E83E90041E8DC /* PostalCodeTests.xctest */ = {isa = PBXFileReference; explicitFileType = wrapper.cfbundle; includeInIndex = 0; path = PostalCodeTests.xctest; sourceTree = BUILT_PRODUCTS_DIR; };
		CDE29A57260E83E90041E8DC /* PostalCodeTests.swift */ = {isa = PBXFileReference; lastKnownFileType = sourcecode.swift; path = PostalCodeTests.swift; sourceTree = "<group>"; };
		CDE29A59260E83E90041E8DC /* Info.plist */ = {isa = PBXFileReference; lastKnownFileType = text.plist.xml; path = Info.plist; sourceTree = "<group>"; };
		CDE29A5E260E83E90041E8DC /* PostalCodeUITests.xctest */ = {isa = PBXFileReference; explicitFileType = wrapper.cfbundle; includeInIndex = 0; path = PostalCodeUITests.xctest; sourceTree = BUILT_PRODUCTS_DIR; };
		CDE29A62260E83E90041E8DC /* PostalCodeUITests.swift */ = {isa = PBXFileReference; lastKnownFileType = sourcecode.swift; path = PostalCodeUITests.swift; sourceTree = "<group>"; };
		CDE29A64260E83E90041E8DC /* Info.plist */ = {isa = PBXFileReference; lastKnownFileType = text.plist.xml; path = Info.plist; sourceTree = "<group>"; };
/* End PBXFileReference section */

/* Begin PBXFrameworksBuildPhase section */
		CDE29A37260E83E60041E8DC /* Frameworks */ = {
			isa = PBXFrameworksBuildPhase;
			buildActionMask = 2147483647;
			files = (
			);
			runOnlyForDeploymentPostprocessing = 0;
		};
		CDE29A50260E83E90041E8DC /* Frameworks */ = {
			isa = PBXFrameworksBuildPhase;
			buildActionMask = 2147483647;
			files = (
			);
			runOnlyForDeploymentPostprocessing = 0;
		};
		CDE29A5B260E83E90041E8DC /* Frameworks */ = {
			isa = PBXFrameworksBuildPhase;
			buildActionMask = 2147483647;
			files = (
			);
			runOnlyForDeploymentPostprocessing = 0;
		};
/* End PBXFrameworksBuildPhase section */

/* Begin PBXGroup section */
		CDE29A31260E83E60041E8DC = {
			isa = PBXGroup;
			children = (
				CDE29A3C260E83E60041E8DC /* PostalCode */,
				CDE29A56260E83E90041E8DC /* PostalCodeTests */,
				CDE29A61260E83E90041E8DC /* PostalCodeUITests */,
				CDE29A3B260E83E60041E8DC /* Products */,
			);
			sourceTree = "<group>";
		};
		CDE29A3B260E83E60041E8DC /* Products */ = {
			isa = PBXGroup;
			children = (
				CDE29A3A260E83E60041E8DC /* PostalCode.app */,
				CDE29A53260E83E90041E8DC /* PostalCodeTests.xctest */,
				CDE29A5E260E83E90041E8DC /* PostalCodeUITests.xctest */,
			);
			name = Products;
			sourceTree = "<group>";
		};
		CDE29A3C260E83E60041E8DC /* PostalCode */ = {
			isa = PBXGroup;
			children = (
				CDE29A3D260E83E60041E8DC /* AppDelegate.swift */,
				CDE29A3F260E83E60041E8DC /* SceneDelegate.swift */,
				CDE29A41260E83E60041E8DC /* ViewController.swift */,
				CDE29A49260E83E90041E8DC /* Assets.xcassets */,
				CDE29A4B260E83E90041E8DC /* LaunchScreen.storyboard */,
				CDE29A4E260E83E90041E8DC /* Info.plist */,
				CDE29A46260E83E60041E8DC /* PostalCode.xcdatamodeld */,
			);
			path = PostalCode;
			sourceTree = "<group>";
		};
		CDE29A56260E83E90041E8DC /* PostalCodeTests */ = {
			isa = PBXGroup;
			children = (
				CDE29A57260E83E90041E8DC /* PostalCodeTests.swift */,
				CDE29A59260E83E90041E8DC /* Info.plist */,
			);
			path = PostalCodeTests;
			sourceTree = "<group>";
		};
		CDE29A61260E83E90041E8DC /* PostalCodeUITests */ = {
			isa = PBXGroup;
			children = (
				CDE29A62260E83E90041E8DC /* PostalCodeUITests.swift */,
				CDE29A64260E83E90041E8DC /* Info.plist */,
			);
			path = PostalCodeUITests;
			sourceTree = "<group>";
		};
/* End PBXGroup section */

/* Begin PBXNativeTarget section */
		CDE29A39260E83E60041E8DC /* PostalCode */ = {
			isa = PBXNativeTarget;
			buildConfigurationList = CDE29A67260E83E90041E8DC /* Build configuration list for PBXNativeTarget "PostalCode" */;
			buildPhases = (
				CDE29A36260E83E60041E8DC /* Sources */,
				CDE29A37260E83E60041E8DC /* Frameworks */,
				CDE29A38260E83E60041E8DC /* Resources */,
			);
			buildRules = (
			);
			dependencies = (
			);
			name = PostalCode;
			productName = PostalCode;
			productReference = CDE29A3A260E83E60041E8DC /* PostalCode.app */;
			productType = "com.apple.product-type.application";
		};
		CDE29A52260E83E90041E8DC /* PostalCodeTests */ = {
			isa = PBXNativeTarget;
			buildConfigurationList = CDE29A6A260E83E90041E8DC /* Build configuration list for PBXNativeTarget "PostalCodeTests" */;
			buildPhases = (
				CDE29A4F260E83E90041E8DC /* Sources */,
				CDE29A50260E83E90041E8DC /* Frameworks */,
				CDE29A51260E83E90041E8DC /* Resources */,
			);
			buildRules = (
			);
			dependencies = (
				CDE29A55260E83E90041E8DC /* PBXTargetDependency */,
			);
			name = PostalCodeTests;
			productName = PostalCodeTests;
			productReference = CDE29A53260E83E90041E8DC /* PostalCodeTests.xctest */;
			productType = "com.apple.product-type.bundle.unit-test";
		};
		CDE29A5D260E83E90041E8DC /* PostalCodeUITests */ = {
			isa = PBXNativeTarget;
			buildConfigurationList = CDE29A6D260E83E90041E8DC /* Build configuration list for PBXNativeTarget "PostalCodeUITests" */;
			buildPhases = (
				CDE29A5A260E83E90041E8DC /* Sources */,
				CDE29A5B260E83E90041E8DC /* Frameworks */,
				CDE29A5C260E83E90041E8DC /* Resources */,
			);
			buildRules = (
			);
			dependencies = (
				CDE29A60260E83E90041E8DC /* PBXTargetDependency */,
			);
			name = PostalCodeUITests;
			productName = PostalCodeUITests;
			productReference = CDE29A5E260E83E90041E8DC /* PostalCodeUITests.xctest */;
			productType = "com.apple.product-type.bundle.ui-testing";
		};
/* End PBXNativeTarget section */

/* Begin PBXProject section */
		CDE29A32260E83E60041E8DC /* Project object */ = {
			isa = PBXProject;
			attributes = {
				LastSwiftUpdateCheck = 1220;
				LastUpgradeCheck = 1220;
				TargetAttributes = {
					CDE29A39260E83E60041E8DC = {
						CreatedOnToolsVersion = 12.2;
					};
					CDE29A52260E83E90041E8DC = {
						CreatedOnToolsVersion = 12.2;
						TestTargetID = CDE29A39260E83E60041E8DC;
					};
					CDE29A5D260E83E90041E8DC = {
						CreatedOnToolsVersion = 12.2;
						TestTargetID = CDE29A39260E83E60041E8DC;
					};
				};
			};
			buildConfigurationList = CDE29A35260E83E60041E8DC /* Build configuration list for PBXProject "PostalCode" */;
			compatibilityVersion = "Xcode 9.3";
			developmentRegion = en;
			hasScannedForEncodings = 0;
			knownRegions = (
				en,
				Base,
			);
			mainGroup = CDE29A31260E83E60041E8DC;
			productRefGroup = CDE29A3B260E83E60041E8DC /* Products */;
			projectDirPath = "";
			projectRoot = "";
			targets = (
				CDE29A39260E83E60041E8DC /* PostalCode */,
				CDE29A52260E83E90041E8DC /* PostalCodeTests */,
				CDE29A5D260E83E90041E8DC /* PostalCodeUITests */,
			);
		};
/* End PBXProject section */

/* Begin PBXResourcesBuildPhase section */
		CDE29A38260E83E60041E8DC /* Resources */ = {
			isa = PBXResourcesBuildPhase;
			buildActionMask = 2147483647;
			files = (
				CDE29A4D260E83E90041E8DC /* LaunchScreen.storyboard in Resources */,
				CDE29A4A260E83E90041E8DC /* Assets.xcassets in Resources */,
			);
			runOnlyForDeploymentPostprocessing = 0;
		};
		CDE29A51260E83E90041E8DC /* Resources */ = {
			isa = PBXResourcesBuildPhase;
			buildActionMask = 2147483647;
			files = (
			);
			runOnlyForDeploymentPostprocessing = 0;
		};
		CDE29A5C260E83E90041E8DC /* Resources */ = {
			isa = PBXResourcesBuildPhase;
			buildActionMask = 2147483647;
			files = (
			);
			runOnlyForDeploymentPostprocessing = 0;
		};
/* End PBXResourcesBuildPhase section */

/* Begin PBXSourcesBuildPhase section */
		CDE29A36260E83E60041E8DC /* Sources */ = {
			isa = PBXSourcesBuildPhase;
			buildActionMask = 2147483647;
			files = (
				CDE29A42260E83E60041E8DC /* ViewController.swift in Sources */,
				CDE29A48260E83E60041E8DC /* PostalCode.xcdatamodeld in Sources */,
				CDE29A3E260E83E60041E8DC /* AppDelegate.swift in Sources */,
				CDE29A40260E83E60041E8DC /* SceneDelegate.swift in Sources */,
			);
			runOnlyForDeploymentPostprocessing = 0;
		};
		CDE29A4F260E83E90041E8DC /* Sources */ = {
			isa = PBXSourcesBuildPhase;
			buildActionMask = 2147483647;
			files = (
				CDE29A58260E83E90041E8DC /* PostalCodeTests.swift in Sources */,
			);
			runOnlyForDeploymentPostprocessing = 0;
		};
		CDE29A5A260E83E90041E8DC /* Sources */ = {
			isa = PBXSourcesBuildPhase;
			buildActionMask = 2147483647;
			files = (
				CDE29A63260E83E90041E8DC /* PostalCodeUITests.swift in Sources */,
			);
			runOnlyForDeploymentPostprocessing = 0;
		};
/* End PBXSourcesBuildPhase section */

/* Begin PBXTargetDependency section */
		CDE29A55260E83E90041E8DC /* PBXTargetDependency */ = {
			isa = PBXTargetDependency;
			target = CDE29A39260E83E60041E8DC /* PostalCode */;
			targetProxy = CDE29A54260E83E90041E8DC /* PBXContainerItemProxy */;
		};
		CDE29A60260E83E90041E8DC /* PBXTargetDependency */ = {
			isa = PBXTargetDependency;
			target = CDE29A39260E83E60041E8DC /* PostalCode */;
			targetProxy = CDE29A5F260E83E90041E8DC /* PBXContainerItemProxy */;
		};
/* End PBXTargetDependency section */

/* Begin PBXVariantGroup section */
		CDE29A4B260E83E90041E8DC /* LaunchScreen.storyboard */ = {
			isa = PBXVariantGroup;
			children = (
				CDE29A4C260E83E90041E8DC /* Base */,
			);
			name = LaunchScreen.storyboard;
			sourceTree = "<group>";
		};
/* End PBXVariantGroup section */

/* Begin XCBuildConfiguration section */
		CDE29A65260E83E90041E8DC /* Debug */ = {
			isa = XCBuildConfiguration;
			buildSettings = {
				ALWAYS_SEARCH_USER_PATHS = NO;
				CLANG_ANALYZER_NONNULL = YES;
				CLANG_ANALYZER_NUMBER_OBJECT_CONVERSION = YES_AGGRESSIVE;
				CLANG_CXX_LANGUAGE_STANDARD = "gnu++14";
				CLANG_CXX_LIBRARY = "libc++";
				CLANG_ENABLE_MODULES = YES;
				CLANG_ENABLE_OBJC_ARC = YES;
				CLANG_ENABLE_OBJC_WEAK = YES;
				CLANG_WARN_BLOCK_CAPTURE_AUTORELEASING = YES;
				CLANG_WARN_BOOL_CONVERSION = YES;
				CLANG_WARN_COMMA = YES;
				CLANG_WARN_CONSTANT_CONVERSION = YES;
				CLANG_WARN_DEPRECATED_OBJC_IMPLEMENTATIONS = YES;
				CLANG_WARN_DIRECT_OBJC_ISA_USAGE = YES_ERROR;
				CLANG_WARN_DOCUMENTATION_COMMENTS = YES;
				CLANG_WARN_EMPTY_BODY = YES;
				CLANG_WARN_ENUM_CONVERSION = YES;
				CLANG_WARN_INFINITE_RECURSION = YES;
				CLANG_WARN_INT_CONVERSION = YES;
				CLANG_WARN_NON_LITERAL_NULL_CONVERSION = YES;
				CLANG_WARN_OBJC_IMPLICIT_RETAIN_SELF = YES;
				CLANG_WARN_OBJC_LITERAL_CONVERSION = YES;
				CLANG_WARN_OBJC_ROOT_CLASS = YES_ERROR;
				CLANG_WARN_QUOTED_INCLUDE_IN_FRAMEWORK_HEADER = YES;
				CLANG_WARN_RANGE_LOOP_ANALYSIS = YES;
				CLANG_WARN_STRICT_PROTOTYPES = YES;
				CLANG_WARN_SUSPICIOUS_MOVE = YES;
				CLANG_WARN_UNGUARDED_AVAILABILITY = YES_AGGRESSIVE;
				CLANG_WARN_UNREACHABLE_CODE = YES;
				CLANG_WARN__DUPLICATE_METHOD_MATCH = YES;
				COPY_PHASE_STRIP = NO;
				DEBUG_INFORMATION_FORMAT = dwarf;
				ENABLE_STRICT_OBJC_MSGSEND = YES;
				ENABLE_TESTABILITY = YES;
				GCC_C_LANGUAGE_STANDARD = gnu11;
				GCC_DYNAMIC_NO_PIC = NO;
				GCC_NO_COMMON_BLOCKS = YES;
				GCC_OPTIMIZATION_LEVEL = 0;
				GCC_PREPROCESSOR_DEFINITIONS = (
					"DEBUG=1",
					"$(inherited)",
				);
				GCC_WARN_64_TO_32_BIT_CONVERSION = YES;
				GCC_WARN_ABOUT_RETURN_TYPE = YES_ERROR;
				GCC_WARN_UNDECLARED_SELECTOR = YES;
				GCC_WARN_UNINITIALIZED_AUTOS = YES_AGGRESSIVE;
				GCC_WARN_UNUSED_FUNCTION = YES;
				GCC_WARN_UNUSED_VARIABLE = YES;
				IPHONEOS_DEPLOYMENT_TARGET = 14.2;
				MTL_ENABLE_DEBUG_INFO = INCLUDE_SOURCE;
				MTL_FAST_MATH = YES;
				ONLY_ACTIVE_ARCH = YES;
				SDKROOT = iphoneos;
				SWIFT_ACTIVE_COMPILATION_CONDITIONS = DEBUG;
				SWIFT_OPTIMIZATION_LEVEL = "-Onone";
			};
			name = Debug;
		};
		CDE29A66260E83E90041E8DC /* Release */ = {
			isa = XCBuildConfiguration;
			buildSettings = {
				ALWAYS_SEARCH_USER_PATHS = NO;
				CLANG_ANALYZER_NONNULL = YES;
				CLANG_ANALYZER_NUMBER_OBJECT_CONVERSION = YES_AGGRESSIVE;
				CLANG_CXX_LANGUAGE_STANDARD = "gnu++14";
				CLANG_CXX_LIBRARY = "libc++";
				CLANG_ENABLE_MODULES = YES;
				CLANG_ENABLE_OBJC_ARC = YES;
				CLANG_ENABLE_OBJC_WEAK = YES;
				CLANG_WARN_BLOCK_CAPTURE_AUTORELEASING = YES;
				CLANG_WARN_BOOL_CONVERSION = YES;
				CLANG_WARN_COMMA = YES;
				CLANG_WARN_CONSTANT_CONVERSION = YES;
				CLANG_WARN_DEPRECATED_OBJC_IMPLEMENTATIONS = YES;
				CLANG_WARN_DIRECT_OBJC_ISA_USAGE = YES_ERROR;
				CLANG_WARN_DOCUMENTATION_COMMENTS = YES;
				CLANG_WARN_EMPTY_BODY = YES;
				CLANG_WARN_ENUM_CONVERSION = YES;
				CLANG_WARN_INFINITE_RECURSION = YES;
				CLANG_WARN_INT_CONVERSION = YES;
				CLANG_WARN_NON_LITERAL_NULL_CONVERSION = YES;
				CLANG_WARN_OBJC_IMPLICIT_RETAIN_SELF = YES;
				CLANG_WARN_OBJC_LITERAL_CONVERSION = YES;
				CLANG_WARN_OBJC_ROOT_CLASS = YES_ERROR;
				CLANG_WARN_QUOTED_INCLUDE_IN_FRAMEWORK_HEADER = YES;
				CLANG_WARN_RANGE_LOOP_ANALYSIS = YES;
				CLANG_WARN_STRICT_PROTOTYPES = YES;
				CLANG_WARN_SUSPICIOUS_MOVE = YES;
				CLANG_WARN_UNGUARDED_AVAILABILITY = YES_AGGRESSIVE;
				CLANG_WARN_UNREACHABLE_CODE = YES;
				CLANG_WARN__DUPLICATE_METHOD_MATCH = YES;
				COPY_PHASE_STRIP = NO;
				DEBUG_INFORMATION_FORMAT = "dwarf-with-dsym";
				ENABLE_NS_ASSERTIONS = NO;
				ENABLE_STRICT_OBJC_MSGSEND = YES;
				GCC_C_LANGUAGE_STANDARD = gnu11;
				GCC_NO_COMMON_BLOCKS = YES;
				GCC_WARN_64_TO_32_BIT_CONVERSION = YES;
				GCC_WARN_ABOUT_RETURN_TYPE = YES_ERROR;
				GCC_WARN_UNDECLARED_SELECTOR = YES;
				GCC_WARN_UNINITIALIZED_AUTOS = YES_AGGRESSIVE;
				GCC_WARN_UNUSED_FUNCTION = YES;
				GCC_WARN_UNUSED_VARIABLE = YES;
				IPHONEOS_DEPLOYMENT_TARGET = 14.2;
				MTL_ENABLE_DEBUG_INFO = NO;
				MTL_FAST_MATH = YES;
				SDKROOT = iphoneos;
				SWIFT_COMPILATION_MODE = wholemodule;
				SWIFT_OPTIMIZATION_LEVEL = "-O";
				VALIDATE_PRODUCT = YES;
			};
			name = Release;
		};
		CDE29A68260E83E90041E8DC /* Debug */ = {
			isa = XCBuildConfiguration;
			buildSettings = {
				ASSETCATALOG_COMPILER_APPICON_NAME = AppIcon;
				ASSETCATALOG_COMPILER_GLOBAL_ACCENT_COLOR_NAME = AccentColor;
				CODE_SIGN_STYLE = Automatic;
				INFOPLIST_FILE = PostalCode/Info.plist;
				LD_RUNPATH_SEARCH_PATHS = (
					"$(inherited)",
					"@executable_path/Frameworks",
				);
				PRODUCT_BUNDLE_IDENTIFIER = gustavo.quenca.PostalCode;
				PRODUCT_NAME = "$(TARGET_NAME)";
				SWIFT_VERSION = 5.0;
				TARGETED_DEVICE_FAMILY = "1,2";
			};
			name = Debug;
		};
		CDE29A69260E83E90041E8DC /* Release */ = {
			isa = XCBuildConfiguration;
			buildSettings = {
				ASSETCATALOG_COMPILER_APPICON_NAME = AppIcon;
				ASSETCATALOG_COMPILER_GLOBAL_ACCENT_COLOR_NAME = AccentColor;
				CODE_SIGN_STYLE = Automatic;
				INFOPLIST_FILE = PostalCode/Info.plist;
				LD_RUNPATH_SEARCH_PATHS = (
					"$(inherited)",
					"@executable_path/Frameworks",
				);
				PRODUCT_BUNDLE_IDENTIFIER = gustavo.quenca.PostalCode;
				PRODUCT_NAME = "$(TARGET_NAME)";
				SWIFT_VERSION = 5.0;
				TARGETED_DEVICE_FAMILY = "1,2";
			};
			name = Release;
		};
		CDE29A6B260E83E90041E8DC /* Debug */ = {
			isa = XCBuildConfiguration;
			buildSettings = {
				ALWAYS_EMBED_SWIFT_STANDARD_LIBRARIES = YES;
				BUNDLE_LOADER = "$(TEST_HOST)";
				CODE_SIGN_STYLE = Automatic;
				INFOPLIST_FILE = PostalCodeTests/Info.plist;
				IPHONEOS_DEPLOYMENT_TARGET = 14.2;
				LD_RUNPATH_SEARCH_PATHS = (
					"$(inherited)",
					"@executable_path/Frameworks",
					"@loader_path/Frameworks",
				);
				PRODUCT_BUNDLE_IDENTIFIER = gustavo.quenca.PostalCodeTests;
				PRODUCT_NAME = "$(TARGET_NAME)";
				SWIFT_VERSION = 5.0;
				TARGETED_DEVICE_FAMILY = "1,2";
				TEST_HOST = "$(BUILT_PRODUCTS_DIR)/PostalCode.app/PostalCode";
			};
			name = Debug;
		};
		CDE29A6C260E83E90041E8DC /* Release */ = {
			isa = XCBuildConfiguration;
			buildSettings = {
				ALWAYS_EMBED_SWIFT_STANDARD_LIBRARIES = YES;
				BUNDLE_LOADER = "$(TEST_HOST)";
				CODE_SIGN_STYLE = Automatic;
				INFOPLIST_FILE = PostalCodeTests/Info.plist;
				IPHONEOS_DEPLOYMENT_TARGET = 14.2;
				LD_RUNPATH_SEARCH_PATHS = (
					"$(inherited)",
					"@executable_path/Frameworks",
					"@loader_path/Frameworks",
				);
				PRODUCT_BUNDLE_IDENTIFIER = gustavo.quenca.PostalCodeTests;
				PRODUCT_NAME = "$(TARGET_NAME)";
				SWIFT_VERSION = 5.0;
				TARGETED_DEVICE_FAMILY = "1,2";
				TEST_HOST = "$(BUILT_PRODUCTS_DIR)/PostalCode.app/PostalCode";
			};
			name = Release;
		};
		CDE29A6E260E83E90041E8DC /* Debug */ = {
			isa = XCBuildConfiguration;
			buildSettings = {
				ALWAYS_EMBED_SWIFT_STANDARD_LIBRARIES = YES;
				CODE_SIGN_STYLE = Automatic;
				INFOPLIST_FILE = PostalCodeUITests/Info.plist;
				LD_RUNPATH_SEARCH_PATHS = (
					"$(inherited)",
					"@executable_path/Frameworks",
					"@loader_path/Frameworks",
				);
				PRODUCT_BUNDLE_IDENTIFIER = gustavo.quenca.PostalCodeUITests;
				PRODUCT_NAME = "$(TARGET_NAME)";
				SWIFT_VERSION = 5.0;
				TARGETED_DEVICE_FAMILY = "1,2";
				TEST_TARGET_NAME = PostalCode;
			};
			name = Debug;
		};
		CDE29A6F260E83E90041E8DC /* Release */ = {
			isa = XCBuildConfiguration;
			buildSettings = {
				ALWAYS_EMBED_SWIFT_STANDARD_LIBRARIES = YES;
				CODE_SIGN_STYLE = Automatic;
				INFOPLIST_FILE = PostalCodeUITests/Info.plist;
				LD_RUNPATH_SEARCH_PATHS = (
					"$(inherited)",
					"@executable_path/Frameworks",
					"@loader_path/Frameworks",
				);
				PRODUCT_BUNDLE_IDENTIFIER = gustavo.quenca.PostalCodeUITests;
				PRODUCT_NAME = "$(TARGET_NAME)";
				SWIFT_VERSION = 5.0;
				TARGETED_DEVICE_FAMILY = "1,2";
				TEST_TARGET_NAME = PostalCode;
			};
			name = Release;
		};
/* End XCBuildConfiguration section */

/* Begin XCConfigurationList section */
		CDE29A35260E83E60041E8DC /* Build configuration list for PBXProject "PostalCode" */ = {
			isa = XCConfigurationList;
			buildConfigurations = (
				CDE29A65260E83E90041E8DC /* Debug */,
				CDE29A66260E83E90041E8DC /* Release */,
			);
			defaultConfigurationIsVisible = 0;
			defaultConfigurationName = Release;
		};
		CDE29A67260E83E90041E8DC /* Build configuration list for PBXNativeTarget "PostalCode" */ = {
			isa = XCConfigurationList;
			buildConfigurations = (
				CDE29A68260E83E90041E8DC /* Debug */,
				CDE29A69260E83E90041E8DC /* Release */,
			);
			defaultConfigurationIsVisible = 0;
			defaultConfigurationName = Release;
		};
		CDE29A6A260E83E90041E8DC /* Build configuration list for PBXNativeTarget "PostalCodeTests" */ = {
			isa = XCConfigurationList;
			buildConfigurations = (
				CDE29A6B260E83E90041E8DC /* Debug */,
				CDE29A6C260E83E90041E8DC /* Release */,
			);
			defaultConfigurationIsVisible = 0;
			defaultConfigurationName = Release;
		};
		CDE29A6D260E83E90041E8DC /* Build configuration list for PBXNativeTarget "PostalCodeUITests" */ = {
			isa = XCConfigurationList;
			buildConfigurations = (
				CDE29A6E260E83E90041E8DC /* Debug */,
				CDE29A6F260E83E90041E8DC /* Release */,
			);
			defaultConfigurationIsVisible = 0;
			defaultConfigurationName = Release;
		};
/* End XCConfigurationList section */

/* Begin XCVersionGroup section */
		CDE29A46260E83E60041E8DC /* PostalCode.xcdatamodeld */ = {
			isa = XCVersionGroup;
			children = (
				CDE29A47260E83E60041E8DC /* PostalCode.xcdatamodel */,
			);
			currentVersion = CDE29A47260E83E60041E8DC /* PostalCode.xcdatamodel */;
			path = PostalCode.xcdatamodeld;
			sourceTree = "<group>";
			versionGroupType = wrapper.xcdatamodel;
		};
/* End XCVersionGroup section */
	};
	rootObject = CDE29A32260E83E60041E8DC /* Project object */;
}
